Microsoft Visual Studio Solution File, Format Version 12.00
# Visual Studio Version 17
VisualStudioVersion = 17.5.2.0
MinimumVisualStudioVersion = 10.0.40219.1
Project("{FAE04EC0-301F-11D3-BF4B-00C04F79EFBC}") = "DILifeTimeDemo", "DILifeTimeDemo.csproj", "{2C8A981D-CBE9-867D-B137-8C9798099D0F}"
EndProject
Global
	GlobalSection(SolutionConfigurationPlatforms) = preSolution
		Debug|Any CPU = Debug|Any CPU
		Release|Any CPU = Release|Any CPU
	EndGlobalSection
	GlobalSection(ProjectConfigurationPlatforms) = postSolution
		{2C8A981D-CBE9-867D-B137-8C9798099D0F}.Debug|Any CPU.ActiveCfg = Debug|Any CPU
		{2C8A981D-CBE9-867D-B137-8C9798099D0F}.Debug|Any CPU.Build.0 = Debug|Any CPU
		{2C8A981D-CBE9-867D-B137-8C9798099D0F}.Release|Any CPU.ActiveCfg = Release|Any CPU
		{2C8A981D-CBE9-867D-B137-8C9798099D0F}.Release|Any CPU.Build.0 = Release|Any CPU
	EndGlobalSection
	GlobalSection(SolutionProperties) = preSolution
		HideSolutionNode = FALSE
	EndGlobalSection
	GlobalSection(ExtensibilityGlobals) = postSolution
		SolutionGuid = {2F216C58-00D1-45A7-ABD4-D99B550C4D25}
	EndGlobalSection
EndGlobal
